Microsoft Visual Studio Solution File, Format Version 12.00
# Visual Studio Version 17
VisualStudioVersion = 17.0.31903.59
MinimumVisualStudioVersion = 10.0.40219.1
Project("{FAE04EC0-301F-11D3-BF4B-00C04F79EFBC}") = "FactionGearModification", "FactionGearModification\FactionGearModification.csproj", "{E6C3D4B4-7E5B-4EBD-8E6A-75D4B2F8E20E}"
EndProject
Global
	GlobalSection(SolutionConfigurationPlatforms) = preSolution
		Debug|Any CPU = Debug|Any CPU
		Release|Any CPU = Release|Any CPU
	EndGlobalSection
	GlobalSection(ProjectConfigurationPlatforms) = postSolution
		{E6C3D4B4-7E5B-4EBD-8E6A-75D4B2F8E20E}.Debug|Any CPU.ActiveCfg = Debug|Any CPU
		{E6C3D4B4-7E5B-4EBD-8E6A-75D4B2F8E20E}.Debug|Any CPU.Build.0 = Debug|Any CPU
		{E6C3D4B4-7E5B-4EBD-8E6A-75D4B2F8E20E}.Release|Any CPU.ActiveCfg = Release|Any CPU
		{E6C3D4B4-7E5B-4EBD-8E6A-75D4B2F8E20E}.Release|Any CPU.Build.0 = Release|Any CPU
	EndGlobalSection
	GlobalSection(SolutionProperties) = preSolution
		HideSolutionNode = FALSE
	EndGlobalSection
EndGlobal